// !$*UTF8*$!
{
	archiveVersion = 1;
	classes = {
	};
	objectVersion = 46;
	objects = {

/* Begin PBXBuildFile section */
		FD01C5A21E7B917C00B1DDCD /* PairCell.swift in Sources */ = {isa = PBXBuildFile; fileRef = FD01C5A11E7B917C00B1DDCD /* PairCell.swift */; };
		FD01C5A41E7B918B00B1DDCD /* PairCell.xib in Resources */ = {isa = PBXBuildFile; fileRef = FD01C5A31E7B918B00B1DDCD /* PairCell.xib */; };
		FD01C5A61E7BAAE500B1DDCD /* ChooseTradePairVC.swift in Sources */ = {isa = PBXBuildFile; fileRef = FD01C5A51E7BAAE500B1DDCD /* ChooseTradePairVC.swift */; };
		FD01C5AD1E7BC9BB00B1DDCD /* NotificationCenter.framework in Frameworks */ = {isa = PBXBuildFile; fileRef = FD01C5AC1E7BC9BB00B1DDCD /* NotificationCenter.framework */; };
		FD01C5B01E7BC9BB00B1DDCD /* TodayViewController.swift in Sources */ = {isa = PBXBuildFile; fileRef = FD01C5AF1E7BC9BB00B1DDCD /* TodayViewController.swift */; };
		FD01C5B31E7BC9BB00B1DDCD /* MainInterface.storyboard in Resources */ = {isa = PBXBuildFile; fileRef = FD01C5B11E7BC9BB00B1DDCD /* MainInterface.storyboard */; };
		FD01C5B81E7BC9BB00B1DDCD /* BTCE Price Widget.appex in Embed App Extensions */ = {isa = PBXBuildFile; fileRef = FD01C5AB1E7BC9BB00B1DDCD /* BTCE Price Widget.appex */; settings = {ATTRIBUTES = (RemoveHeadersOnCopy, ); }; };
		FD01C5BD1E7BCA2600B1DDCD /* Alamofire.framework in Frameworks */ = {isa = PBXBuildFile; fileRef = FDF454421E7ADED70020D551 /* Alamofire.framework */; };
		FD01C5BF1E7BCC5A00B1DDCD /* ApiHelper.swift in Sources */ = {isa = PBXBuildFile; fileRef = FDF4544F1E7ADF480020D551 /* ApiHelper.swift */; };
		FD01C5C01E7BCC5A00B1DDCD /* String+Extensions.swift in Sources */ = {isa = PBXBuildFile; fileRef = FDF1DB731E7A79EF006FF017 /* String+Extensions.swift */; };
		FD01C5C11E7BCC5A00B1DDCD /* Currency.swift in Sources */ = {isa = PBXBuildFile; fileRef = FDF1DB6E1E7A79A2006FF017 /* Currency.swift */; };
		FD01C5C21E7BCC5A00B1DDCD /* Pair.swift in Sources */ = {isa = PBXBuildFile; fileRef = FDF4543F1E7ADBB30020D551 /* Pair.swift */; };
		FD01C5C31E7BCC5A00B1DDCD /* TickerResponse.swift in Sources */ = {isa = PBXBuildFile; fileRef = FDF454511E7AE3C50020D551 /* TickerResponse.swift */; };
		FD14A21A205AB2E800C992D6 /* Router.swift in Sources */ = {isa = PBXBuildFile; fileRef = FD14A219205AB2E800C992D6 /* Router.swift */; };
		FD14A21C205AB31C00C992D6 /* DetailVC.swift in Sources */ = {isa = PBXBuildFile; fileRef = FD14A21B205AB31C00C992D6 /* DetailVC.swift */; };
		FD14A21E205AB32800C992D6 /* DetailVC.storyboard in Resources */ = {isa = PBXBuildFile; fileRef = FD14A21D205AB32800C992D6 /* DetailVC.storyboard */; };
		FD15C966205A280F00EAAC86 /* YLColor.swift in Sources */ = {isa = PBXBuildFile; fileRef = FDC258172059886500498883 /* YLColor.swift */; };
		FD15C968205A291200EAAC86 /* PairListAdapter.swift in Sources */ = {isa = PBXBuildFile; fileRef = FD15C967205A291200EAAC86 /* PairListAdapter.swift */; };
		FD15C96A205A295500EAAC86 /* Utils.swift in Sources */ = {isa = PBXBuildFile; fileRef = FD15C969205A295500EAAC86 /* Utils.swift */; };
		FD15C96B205A296500EAAC86 /* Utils.swift in Sources */ = {isa = PBXBuildFile; fileRef = FD15C969205A295500EAAC86 /* Utils.swift */; };
		FD15C96C205A2CD700EAAC86 /* PairListAdapter.swift in Sources */ = {isa = PBXBuildFile; fileRef = FD15C967205A291200EAAC86 /* PairListAdapter.swift */; };
		FD15C96D205A2D1800EAAC86 /* PairCell.swift in Sources */ = {isa = PBXBuildFile; fileRef = FD01C5A11E7B917C00B1DDCD /* PairCell.swift */; };
		FD15C96E205A2D1B00EAAC86 /* PairCell.xib in Resources */ = {isa = PBXBuildFile; fileRef = FD01C5A31E7B918B00B1DDCD /* PairCell.xib */; };
		FD15C970205A326800EAAC86 /* PairInfo.swift in Sources */ = {isa = PBXBuildFile; fileRef = FD15C96F205A326800EAAC86 /* PairInfo.swift */; };
		FD15C972205A32FA00EAAC86 /* InfoResponse.swift in Sources */ = {isa = PBXBuildFile; fileRef = FD15C971205A32FA00EAAC86 /* InfoResponse.swift */; };
		FD15C974205A359E00EAAC86 /* CodableAlamofire.framework in Frameworks */ = {isa = PBXBuildFile; fileRef = FD15C973205A359E00EAAC86 /* CodableAlamofire.framework */; };
		FD15C976205A35BD00EAAC86 /* CodableAlamofire.framework in Frameworks */ = {isa = PBXBuildFile; fileRef = FD15C975205A35BD00EAAC86 /* CodableAlamofire.framework */; };
		FD15C977205A35BD00EAAC86 /* CodableAlamofire.framework in Embed Frameworks */ = {isa = PBXBuildFile; fileRef = FD15C975205A35BD00EAAC86 /* CodableAlamofire.framework */; settings = {ATTRIBUTES = (CodeSignOnCopy, RemoveHeadersOnCopy, ); }; };
		FD15C978205A551300EAAC86 /* InfoResponse.swift in Sources */ = {isa = PBXBuildFile; fileRef = FD15C971205A32FA00EAAC86 /* InfoResponse.swift */; };
		FD15C979205A552200EAAC86 /* PairInfo.swift in Sources */ = {isa = PBXBuildFile; fileRef = FD15C96F205A326800EAAC86 /* PairInfo.swift */; };
		FD24DD0120DA2B19000AE6DD /* TextCell.swift in Sources */ = {isa = PBXBuildFile; fileRef = FD24DD0020DA2B19000AE6DD /* TextCell.swift */; };
		FD24DD0320DA2B39000AE6DD /* TextCell.xib in Resources */ = {isa = PBXBuildFile; fileRef = FD24DD0220DA2B39000AE6DD /* TextCell.xib */; };
		FD24DD0520DA3318000AE6DD /* SwiftyAttributes.framework in Frameworks */ = {isa = PBXBuildFile; fileRef = FD24DD0420DA3318000AE6DD /* SwiftyAttributes.framework */; };
		FD24DD0620DA3318000AE6DD /* SwiftyAttributes.framework in Embed Frameworks */ = {isa = PBXBuildFile; fileRef = FD24DD0420DA3318000AE6DD /* SwiftyAttributes.framework */; settings = {ATTRIBUTES = (CodeSignOnCopy, RemoveHeadersOnCopy, ); }; };
		FD24DD0920DA4E20000AE6DD /* CLModel.swift in Sources */ = {isa = PBXBuildFile; fileRef = FD24DD0820DA4E20000AE6DD /* CLModel.swift */; };
		FD24DD0B20DA4E3C000AE6DD /* CLAdapter.swift in Sources */ = {isa = PBXBuildFile; fileRef = FD24DD0A20DA4E3B000AE6DD /* CLAdapter.swift */; };
		FD24DD0D20DA57AB000AE6DD /* FundCell.swift in Sources */ = {isa = PBXBuildFile; fileRef = FD24DD0C20DA57AB000AE6DD /* FundCell.swift */; };
		FD24DD0F20DA57CA000AE6DD /* FundCell.xib in Resources */ = {isa = PBXBuildFile; fileRef = FD24DD0E20DA57CA000AE6DD /* FundCell.xib */; };
		FD24DD1120DA66FD000AE6DD /* AccountButton.xib in Resources */ = {isa = PBXBuildFile; fileRef = FD24DD1020DA66FD000AE6DD /* AccountButton.xib */; };
		FD24DD1320DA6726000AE6DD /* AccountButton.swift in Sources */ = {isa = PBXBuildFile; fileRef = FD24DD1220DA6726000AE6DD /* AccountButton.swift */; };
		FD26A28820DB8ECC003357FD /* SpaceCell.swift in Sources */ = {isa = PBXBuildFile; fileRef = FD26A28720DB8ECC003357FD /* SpaceCell.swift */; };
		FD26A28A20DB8EF0003357FD /* SpaceCell.xib in Resources */ = {isa = PBXBuildFile; fileRef = FD26A28920DB8EF0003357FD /* SpaceCell.xib */; };
		FD26A28D20DB9A78003357FD /* ActiveOrdersVC.swift in Sources */ = {isa = PBXBuildFile; fileRef = FD26A28C20DB9A78003357FD /* ActiveOrdersVC.swift */; };
		FD26A28F20DB9AA6003357FD /* ActiveOrdersVC.storyboard in Resources */ = {isa = PBXBuildFile; fileRef = FD26A28E20DB9AA6003357FD /* ActiveOrdersVC.storyboard */; };
		FD26A29220DBA60D003357FD /* ActiveOrdersResponse.swift in Sources */ = {isa = PBXBuildFile; fileRef = FD26A29120DBA60D003357FD /* ActiveOrdersResponse.swift */; };
		FD26A29420DBEB96003357FD /* AOAdapter.swift in Sources */ = {isa = PBXBuildFile; fileRef = FD26A29320DBEB96003357FD /* AOAdapter.swift */; };
		FD26A29720DBF18D003357FD /* TradeHistoryVC.swift in Sources */ = {isa = PBXBuildFile; fileRef = FD26A29620DBF18D003357FD /* TradeHistoryVC.swift */; };
		FD26A29B20DBF1B8003357FD /* TradeHistoryVC.storyboard in Resources */ = {isa = PBXBuildFile; fileRef = FD26A29A20DBF1B8003357FD /* TradeHistoryVC.storyboard */; };
		FD26A29E20DBF51B003357FD /* TradeHistoryResponse.swift in Sources */ = {isa = PBXBuildFile; fileRef = FD26A29D20DBF51B003357FD /* TradeHistoryResponse.swift */; };
		FD26A2A020DBF9B0003357FD /* THAdapter.swift in Sources */ = {isa = PBXBuildFile; fileRef = FD26A29F20DBF9B0003357FD /* THAdapter.swift */; };
		FD26A2A220DBFB44003357FD /* THView.swift in Sources */ = {isa = PBXBuildFile; fileRef = FD26A2A120DBFB44003357FD /* THView.swift */; };
		FD26A2A420DBFB7F003357FD /* THView.xib in Resources */ = {isa = PBXBuildFile; fileRef = FD26A2A320DBFB7F003357FD /* THView.xib */; };
		FD3CF0B320D8CF86003BF201 /* SwiftEventBus.framework in Frameworks */ = {isa = PBXBuildFile; fileRef = FD3CF0B220D8CF85003BF201 /* SwiftEventBus.framework */; };
		FD3CF0B420D8CF86003BF201 /* SwiftEventBus.framework in Embed Frameworks */ = {isa = PBXBuildFile; fileRef = FD3CF0B220D8CF85003BF201 /* SwiftEventBus.framework */; settings = {ATTRIBUTES = (CodeSignOnCopy, RemoveHeadersOnCopy, ); }; };
		FD3CF0B620D8D004003BF201 /* Constants.swift in Sources */ = {isa = PBXBuildFile; fileRef = FD3CF0B520D8D004003BF201 /* Constants.swift */; };
		FD3CF0B720D8D004003BF201 /* Constants.swift in Sources */ = {isa = PBXBuildFile; fileRef = FD3CF0B520D8D004003BF201 /* Constants.swift */; };
		FD3CF0BC20D8D7D8003BF201 /* OrderBook.swift in Sources */ = {isa = PBXBuildFile; fileRef = FD3CF0BB20D8D7D8003BF201 /* OrderBook.swift */; };
		FD3CF0BD20D8D7D8003BF201 /* OrderBook.swift in Sources */ = {isa = PBXBuildFile; fileRef = FD3CF0BB20D8D7D8003BF201 /* OrderBook.swift */; };
		FD3CF0BF20D8E4D6003BF201 /* WebKit.framework in Frameworks */ = {isa = PBXBuildFile; fileRef = FD3CF0BE20D8E4D6003BF201 /* WebKit.framework */; };
		FD3CF0C220D8F50F003BF201 /* AccountViewController.swift in Sources */ = {isa = PBXBuildFile; fileRef = FD3CF0C120D8F50F003BF201 /* AccountViewController.swift */; };
		FD3CF0C520D8F56D003BF201 /* AccountAdapter.swift in Sources */ = {isa = PBXBuildFile; fileRef = FD3CF0C420D8F56D003BF201 /* AccountAdapter.swift */; };
		FD3CF0C920D8F5D7003BF201 /* NoAPIKeyCell.xib in Resources */ = {isa = PBXBuildFile; fileRef = FD3CF0C820D8F5D7003BF201 /* NoAPIKeyCell.xib */; };
		FD3CF0CB20D8F89B003BF201 /* NoAPIKeyCell.swift in Sources */ = {isa = PBXBuildFile; fileRef = FD3CF0CA20D8F89B003BF201 /* NoAPIKeyCell.swift */; };
		FD3CF0CE20D8FE88003BF201 /* WexKey.swift in Sources */ = {isa = PBXBuildFile; fileRef = FD3CF0CD20D8FE88003BF201 /* WexKey.swift */; };
		FD3CF0D020D90383003BF201 /* CLLoadingCell.swift in Sources */ = {isa = PBXBuildFile; fileRef = FD3CF0CF20D90383003BF201 /* CLLoadingCell.swift */; };
		FD3CF0D220D90426003BF201 /* CLLoadingCell.xib in Resources */ = {isa = PBXBuildFile; fileRef = FD3CF0D120D90426003BF201 /* CLLoadingCell.xib */; };
		FD3CF0D820D93542003BF201 /* TInfoResponse.swift in Sources */ = {isa = PBXBuildFile; fileRef = FD3CF0D720D93542003BF201 /* TInfoResponse.swift */; };
		FD3CF0DA20D939D9003BF201 /* TInfoResponse.swift in Sources */ = {isa = PBXBuildFile; fileRef = FD3CF0D720D93542003BF201 /* TInfoResponse.swift */; };
		FD3CF0DC20D942AC003BF201 /* CommonCrypto.framework in Frameworks */ = {isa = PBXBuildFile; fileRef = FD3CF0DB20D942AB003BF201 /* CommonCrypto.framework */; };
		FD3CF0DE20D942BC003BF201 /* CommonCrypto.framework in Embed Frameworks */ = {isa = PBXBuildFile; fileRef = FD3CF0DB20D942AB003BF201 /* CommonCrypto.framework */; settings = {ATTRIBUTES = (CodeSignOnCopy, RemoveHeadersOnCopy, ); }; };
		FD3CF0E020D942C9003BF201 /* Crypto.framework in Frameworks */ = {isa = PBXBuildFile; fileRef = FD3CF0DF20D942C9003BF201 /* Crypto.framework */; };
		FD3CF0E120D942C9003BF201 /* Crypto.framework in Embed Frameworks */ = {isa = PBXBuildFile; fileRef = FD3CF0DF20D942C9003BF201 /* Crypto.framework */; settings = {ATTRIBUTES = (CodeSignOnCopy, RemoveHeadersOnCopy, ); }; };
		FD3CF0E220D94704003BF201 /* WexKey.swift in Sources */ = {isa = PBXBuildFile; fileRef = FD3CF0CD20D8FE88003BF201 /* WexKey.swift */; };
		FD3CF0E420D94746003BF201 /* TApiHelper.swift in Sources */ = {isa = PBXBuildFile; fileRef = FD3CF0E320D94746003BF201 /* TApiHelper.swift */; };
		FD9737461E7FBB010058FBA5 /* OptionsVC.swift in Sources */ = {isa = PBXBuildFile; fileRef = FD9737451E7FBB010058FBA5 /* OptionsVC.swift */; };
		FDB11F4420DCEC3700C90054 /* RSSelectionMenu.framework in Frameworks */ = {isa = PBXBuildFile; fileRef = FDB11F4320DCEC3700C90054 /* RSSelectionMenu.framework */; };
		FDB11F4520DCEC3800C90054 /* RSSelectionMenu.framework in Embed Frameworks */ = {isa = PBXBuildFile; fileRef = FDB11F4320DCEC3700C90054 /* RSSelectionMenu.framework */; settings = {ATTRIBUTES = (CodeSignOnCopy, RemoveHeadersOnCopy, ); }; };
		FDBF579B20DCFEF400384592 /* Device.framework in Frameworks */ = {isa = PBXBuildFile; fileRef = FDBF579A20DCFEF400384592 /* Device.framework */; };
		FDBF579C20DCFEF400384592 /* Device.framework in Embed Frameworks */ = {isa = PBXBuildFile; fileRef = FDBF579A20DCFEF400384592 /* Device.framework */; settings = {ATTRIBUTES = (CodeSignOnCopy, RemoveHeadersOnCopy, ); }; };
		FDC258112059881E00498883 /* SGAdapter.swift in Sources */ = {isa = PBXBuildFile; fileRef = FDC2580E2059881E00498883 /* SGAdapter.swift */; };
		FDC258122059881E00498883 /* SGModel.swift in Sources */ = {isa = PBXBuildFile; fileRef = FDC2580F2059881E00498883 /* SGModel.swift */; };
		FDC258132059881E00498883 /* TypeName.swift in Sources */ = {isa = PBXBuildFile; fileRef = FDC258102059881E00498883 /* TypeName.swift */; };
		FDC258142059882400498883 /* SGAdapter.swift in Sources */ = {isa = PBXBuildFile; fileRef = FDC2580E2059881E00498883 /* SGAdapter.swift */; };
		FDC258152059882700498883 /* SGModel.swift in Sources */ = {isa = PBXBuildFile; fileRef = FDC2580F2059881E00498883 /* SGModel.swift */; };
		FDC258162059882F00498883 /* TypeName.swift in Sources */ = {isa = PBXBuildFile; fileRef = FDC258102059881E00498883 /* TypeName.swift */; };
		FDC258182059886500498883 /* YLColor.swift in Sources */ = {isa = PBXBuildFile; fileRef = FDC258172059886500498883 /* YLColor.swift */; };
		FDF1DB5C1E7A795B006FF017 /* AppDelegate.swift in Sources */ = {isa = PBXBuildFile; fileRef = FDF1DB5B1E7A795B006FF017 /* AppDelegate.swift */; };
		FDF1DB5E1E7A795B006FF017 /* PriceViewController.swift in Sources */ = {isa = PBXBuildFile; fileRef = FDF1DB5D1E7A795B006FF017 /* PriceViewController.swift */; };
		FDF1DB611E7A795B006FF017 /* Main.storyboard in Resources */ = {isa = PBXBuildFile; fileRef = FDF1DB5F1E7A795B006FF017 /* Main.storyboard */; };
		FDF1DB631E7A795B006FF017 /* Assets.xcassets in Resources */ = {isa = PBXBuildFile; fileRef = FDF1DB621E7A795B006FF017 /* Assets.xcassets */; };
		FDF1DB661E7A795B006FF017 /* LaunchScreen.storyboard in Resources */ = {isa = PBXBuildFile; fileRef = FDF1DB641E7A795B006FF017 /* LaunchScreen.storyboard */; };
		FDF1DB701E7A79A2006FF017 /* Currency.swift in Sources */ = {isa = PBXBuildFile; fileRef = FDF1DB6E1E7A79A2006FF017 /* Currency.swift */; };
		FDF1DB741E7A79EF006FF017 /* String+Extensions.swift in Sources */ = {isa = PBXBuildFile; fileRef = FDF1DB731E7A79EF006FF017 /* String+Extensions.swift */; };
		FDF454401E7ADBB30020D551 /* Pair.swift in Sources */ = {isa = PBXBuildFile; fileRef = FDF4543F1E7ADBB30020D551 /* Pair.swift */; };
		FDF454481E7ADEDD0020D551 /* Alamofire.framework in Frameworks */ = {isa = PBXBuildFile; fileRef = FDF454421E7ADED70020D551 /* Alamofire.framework */; };
		FDF454491E7ADEDD0020D551 /* Alamofire.framework in Embed Frameworks */ = {isa = PBXBuildFile; fileRef = FDF454421E7ADED70020D551 /* Alamofire.framework */; settings = {ATTRIBUTES = (CodeSignOnCopy, RemoveHeadersOnCopy, ); }; };
		FDF454501E7ADF480020D551 /* ApiHelper.swift in Sources */ = {isa = PBXBuildFile; fileRef = FDF4544F1E7ADF480020D551 /* ApiHelper.swift */; };
		FDF454521E7AE3C50020D551 /* TickerResponse.swift in Sources */ = {isa = PBXBuildFile; fileRef = FDF454511E7AE3C50020D551 /* TickerResponse.swift */; };
/* End PBXBuildFile section */

/* Begin PBXContainerItemProxy section */
		FD01C5B51E7BC9BB00B1DDCD /* PBXContainerItemProxy */ = {
			isa = PBXContainerItemProxy;
			containerPortal = FDF1DB501E7A795B006FF017 /* Project object */;
			proxyType = 1;
			remoteGlobalIDString = FD01C5AA1E7BC9BB00B1DDCD;
			remoteInfo = "BTCE Price Widget";
		};
/* End PBXContainerItemProxy section */

/* Begin PBXCopyFilesBuildPhase section */
		FD01C5B71E7BC9BB00B1DDCD /* Embed App Extensions */ = {
			isa = PBXCopyFilesBuildPhase;
			buildActionMask = 2147483647;
			dstPath = "";
			dstSubfolderSpec = 13;
			files = (
				FD01C5B81E7BC9BB00B1DDCD /* BTCE Price Widget.appex in Embed App Extensions */,
			);
			name = "Embed App Extensions";
			runOnlyForDeploymentPostprocessing = 0;
		};
		FDF4544E1E7ADEDD0020D551 /* Embed Frameworks */ = {
			isa = PBXCopyFilesBuildPhase;
			buildActionMask = 2147483647;
			dstPath = "";
			dstSubfolderSpec = 10;
			files = (
				FD3CF0DE20D942BC003BF201 /* CommonCrypto.framework in Embed Frameworks */,
				FD3CF0E120D942C9003BF201 /* Crypto.framework in Embed Frameworks */,
				FD15C977205A35BD00EAAC86 /* CodableAlamofire.framework in Embed Frameworks */,
				FDF454491E7ADEDD0020D551 /* Alamofire.framework in Embed Frameworks */,
				FDBF579C20DCFEF400384592 /* Device.framework in Embed Frameworks */,
				FD3CF0B420D8CF86003BF201 /* SwiftEventBus.framework in Embed Frameworks */,
				FD24DD0620DA3318000AE6DD /* SwiftyAttributes.framework in Embed Frameworks */,
				FDB11F4520DCEC3800C90054 /* RSSelectionMenu.framework in Embed Frameworks */,
			);
			name = "Embed Frameworks";
			runOnlyForDeploymentPostprocessing = 0;
		};
/* End PBXCopyFilesBuildPhase section */

/* Begin PBXFileReference section */
		FD01C2FC1E7FE9C20011561D /* BTCE Widget.entitlements */ = {isa = PBXFileReference; lastKnownFileType = text.plist.entitlements; path = "BTCE Widget.entitlements"; sourceTree = "<group>"; };
		FD01C2FD1E7FE9E80011561D /* BTCE Price Widget.entitlements */ = {isa = PBXFileReference; lastKnownFileType = text.plist.entitlements; path = "BTCE Price Widget.entitlements"; sourceTree = "<group>"; };
		FD01C5A11E7B917C00B1DDCD /* PairCell.swift */ = {isa = PBXFileReference; fileEncoding = 4; lastKnownFileType = sourcecode.swift; name = PairCell.swift; path = views/PairCell.swift; sourceTree = "<group>"; };
		FD01C5A31E7B918B00B1DDCD /* PairCell.xib */ = {isa = PBXFileReference; fileEncoding = 4; lastKnownFileType = file.xib; name = PairCell.xib; path = views/PairCell.xib; sourceTree = "<group>"; };
		FD01C5A51E7BAAE500B1DDCD /* ChooseTradePairVC.swift */ = {isa = PBXFileReference; fileEncoding = 4; lastKnownFileType = sourcecode.swift; path = ChooseTradePairVC.swift; sourceTree = "<group>"; };
		FD01C5AB1E7BC9BB00B1DDCD /* BTCE Price Widget.appex */ = {isa = PBXFileReference; explicitFileType = "wrapper.app-extension"; includeInIndex = 0; path = "BTCE Price Widget.appex"; sourceTree = BUILT_PRODUCTS_DIR; };
		FD01C5AC1E7BC9BB00B1DDCD /* NotificationCenter.framework */ = {isa = PBXFileReference; lastKnownFileType = wrapper.framework; name = NotificationCenter.framework; path = System/Library/Frameworks/NotificationCenter.framework; sourceTree = SDKROOT; };
		FD01C5AF1E7BC9BB00B1DDCD /* TodayViewController.swift */ = {isa = PBXFileReference; lastKnownFileType = sourcecode.swift; path = TodayViewController.swift; sourceTree = "<group>"; };
		FD01C5B21E7BC9BB00B1DDCD /* Base */ = {isa = PBXFileReference; lastKnownFileType = file.storyboard; name = Base; path = Base.lproj/MainInterface.storyboard; sourceTree = "<group>"; };
		FD01C5B41E7BC9BB00B1DDCD /* Info.plist */ = {isa = PBXFileReference; lastKnownFileType = text.plist.xml; path = Info.plist; sourceTree = "<group>"; };
		FD14A219205AB2E800C992D6 /* Router.swift */ = {isa = PBXFileReference; fileEncoding = 4; lastKnownFileType = sourcecode.swift; path = Router.swift; sourceTree = "<group>"; };
		FD14A21B205AB31C00C992D6 /* DetailVC.swift */ = {isa = PBXFileReference; lastKnownFileType = sourcecode.swift; path = DetailVC.swift; sourceTree = "<group>"; };
		FD14A21D205AB32800C992D6 /* DetailVC.storyboard */ = {isa = PBXFileReference; lastKnownFileType = file.storyboard; path = DetailVC.storyboard; sourceTree = "<group>"; };
		FD15C967205A291200EAAC86 /* PairListAdapter.swift */ = {isa = PBXFileReference; lastKnownFileType = sourcecode.swift; path = PairListAdapter.swift; sourceTree = "<group>"; };
		FD15C969205A295500EAAC86 /* Utils.swift */ = {isa = PBXFileReference; lastKnownFileType = sourcecode.swift; path = Utils.swift; sourceTree = "<group>"; };
		FD15C96F205A326800EAAC86 /* PairInfo.swift */ = {isa = PBXFileReference; lastKnownFileType = sourcecode.swift; path = PairInfo.swift; sourceTree = "<group>"; };
		FD15C971205A32FA00EAAC86 /* InfoResponse.swift */ = {isa = PBXFileReference; lastKnownFileType = sourcecode.swift; path = InfoResponse.swift; sourceTree = "<group>"; };
		FD15C973205A359E00EAAC86 /* CodableAlamofire.framework */ = {isa = PBXFileReference; lastKnownFileType = wrapper.framework; name = CodableAlamofire.framework; path = Carthage/Build/iOS/CodableAlamofire.framework; sourceTree = "<group>"; };
		FD15C975205A35BD00EAAC86 /* CodableAlamofire.framework */ = {isa = PBXFileReference; lastKnownFileType = wrapper.framework; name = CodableAlamofire.framework; path = Carthage/Build/iOS/CodableAlamofire.framework; sourceTree = "<group>"; };
		FD24DD0020DA2B19000AE6DD /* TextCell.swift */ = {isa = PBXFileReference; lastKnownFileType = sourcecode.swift; path = TextCell.swift; sourceTree = "<group>"; };
		FD24DD0220DA2B39000AE6DD /* TextCell.xib */ = {isa = PBXFileReference; lastKnownFileType = file.xib; path = TextCell.xib; sourceTree = "<group>"; };
		FD24DD0420DA3318000AE6DD /* SwiftyAttributes.framework */ = {isa = PBXFileReference; lastKnownFileType = wrapper.framework; name = SwiftyAttributes.framework; path = Carthage/Build/iOS/SwiftyAttributes.framework; sourceTree = "<group>"; };
		FD24DD0820DA4E20000AE6DD /* CLModel.swift */ = {isa = PBXFileReference; lastKnownFileType = sourcecode.swift; path = CLModel.swift; sourceTree = "<group>"; };
		FD24DD0A20DA4E3B000AE6DD /* CLAdapter.swift */ = {isa = PBXFileReference; lastKnownFileType = sourcecode.swift; path = CLAdapter.swift; sourceTree = "<group>"; };
		FD24DD0C20DA57AB000AE6DD /* FundCell.swift */ = {isa = PBXFileReference; lastKnownFileType = sourcecode.swift; path = FundCell.swift; sourceTree = "<group>"; };
		FD24DD0E20DA57CA000AE6DD /* FundCell.xib */ = {isa = PBXFileReference; lastKnownFileType = file.xib; path = FundCell.xib; sourceTree = "<group>"; };
		FD24DD1020DA66FD000AE6DD /* AccountButton.xib */ = {isa = PBXFileReference; lastKnownFileType = file.xib; path = AccountButton.xib; sourceTree = "<group>"; };
		FD24DD1220DA6726000AE6DD /* AccountButton.swift */ = {isa = PBXFileReference; lastKnownFileType = sourcecode.swift; path = AccountButton.swift; sourceTree = "<group>"; };
		FD26A28720DB8ECC003357FD /* SpaceCell.swift */ = {isa = PBXFileReference; lastKnownFileType = sourcecode.swift; path = SpaceCell.swift; sourceTree = "<group>"; };
		FD26A28920DB8EF0003357FD /* SpaceCell.xib */ = {isa = PBXFileReference; lastKnownFileType = file.xib; path = SpaceCell.xib; sourceTree = "<group>"; };
		FD26A28C20DB9A78003357FD /* ActiveOrdersVC.swift */ = {isa = PBXFileReference; lastKnownFileType = sourcecode.swift; path = ActiveOrdersVC.swift; sourceTree = "<group>"; };
		FD26A28E20DB9AA6003357FD /* ActiveOrdersVC.storyboard */ = {isa = PBXFileReference; lastKnownFileType = file.storyboard; path = ActiveOrdersVC.storyboard; sourceTree = "<group>"; };
		FD26A29120DBA60D003357FD /* ActiveOrdersResponse.swift */ = {isa = PBXFileReference; lastKnownFileType = sourcecode.swift; path = ActiveOrdersResponse.swift; sourceTree = "<group>"; };
		FD26A29320DBEB96003357FD /* AOAdapter.swift */ = {isa = PBXFileReference; lastKnownFileType = sourcecode.swift; path = AOAdapter.swift; sourceTree = "<group>"; };
		FD26A29620DBF18D003357FD /* TradeHistoryVC.swift */ = {isa = PBXFileReference; lastKnownFileType = sourcecode.swift; path = TradeHistoryVC.swift; sourceTree = "<group>"; };
		FD26A29A20DBF1B8003357FD /* TradeHistoryVC.storyboard */ = {isa = PBXFileReference; lastKnownFileType = file.storyboard; path = TradeHistoryVC.storyboard; sourceTree = "<group>"; };
		FD26A29D20DBF51B003357FD /* TradeHistoryResponse.swift */ = {isa = PBXFileReference; lastKnownFileType = sourcecode.swift; path = TradeHistoryResponse.swift; sourceTree = "<group>"; };
		FD26A29F20DBF9B0003357FD /* THAdapter.swift */ = {isa = PBXFileReference; lastKnownFileType = sourcecode.swift; path = THAdapter.swift; sourceTree = "<group>"; };
		FD26A2A120DBFB44003357FD /* THView.swift */ = {isa = PBXFileReference; lastKnownFileType = sourcecode.swift; path = THView.swift; sourceTree = "<group>"; };
		FD26A2A320DBFB7F003357FD /* THView.xib */ = {isa = PBXFileReference; lastKnownFileType = file.xib; path = THView.xib; sourceTree = "<group>"; };
		FD3CF0B220D8CF85003BF201 /* SwiftEventBus.framework */ = {isa = PBXFileReference; lastKnownFileType = wrapper.framework; name = SwiftEventBus.framework; path = Carthage/Build/iOS/SwiftEventBus.framework; sourceTree = "<group>"; };
		FD3CF0B520D8D004003BF201 /* Constants.swift */ = {isa = PBXFileReference; lastKnownFileType = sourcecode.swift; path = Constants.swift; sourceTree = "<group>"; };
		FD3CF0BB20D8D7D8003BF201 /* OrderBook.swift */ = {isa = PBXFileReference; lastKnownFileType = sourcecode.swift; path = OrderBook.swift; sourceTree = "<group>"; };
		FD3CF0BE20D8E4D6003BF201 /* WebKit.framework */ = {isa = PBXFileReference; lastKnownFileType = wrapper.framework; name = WebKit.framework; path = System/Library/Frameworks/WebKit.framework; sourceTree = SDKROOT; };
		FD3CF0C120D8F50F003BF201 /* AccountViewController.swift */ = {isa = PBXFileReference; lastKnownFileType = sourcecode.swift; path = AccountViewController.swift; sourceTree = "<group>"; };
		FD3CF0C420D8F56D003BF201 /* AccountAdapter.swift */ = {isa = PBXFileReference; lastKnownFileType = sourcecode.swift; path = AccountAdapter.swift; sourceTree = "<group>"; };
		FD3CF0C820D8F5D7003BF201 /* NoAPIKeyCell.xib */ = {isa = PBXFileReference; lastKnownFileType = file.xib; path = NoAPIKeyCell.xib; sourceTree = "<group>"; };
		FD3CF0CA20D8F89B003BF201 /* NoAPIKeyCell.swift */ = {isa = PBXFileReference; lastKnownFileType = sourcecode.swift; path = NoAPIKeyCell.swift; sourceTree = "<group>"; };
		FD3CF0CD20D8FE88003BF201 /* WexKey.swift */ = {isa = PBXFileReference; lastKnownFileType = sourcecode.swift; path = WexKey.swift; sourceTree = "<group>"; };
		FD3CF0CF20D90383003BF201 /* CLLoadingCell.swift */ = {isa = PBXFileReference; lastKnownFileType = sourcecode.swift; path = CLLoadingCell.swift; sourceTree = "<group>"; };
		FD3CF0D120D90426003BF201 /* CLLoadingCell.xib */ = {isa = PBXFileReference; lastKnownFileType = file.xib; path = CLLoadingCell.xib; sourceTree = "<group>"; };
		FD3CF0D720D93542003BF201 /* TInfoResponse.swift */ = {isa = PBXFileReference; lastKnownFileType = sourcecode.swift; path = TInfoResponse.swift; sourceTree = "<group>"; };
		FD3CF0DB20D942AB003BF201 /* CommonCrypto.framework */ = {isa = PBXFileReference; lastKnownFileType = wrapper.framework; name = CommonCrypto.framework; path = Carthage/Build/iOS/CommonCrypto.framework; sourceTree = "<group>"; };
		FD3CF0DF20D942C9003BF201 /* Crypto.framework */ = {isa = PBXFileReference; lastKnownFileType = wrapper.framework; name = Crypto.framework; path = Carthage/Build/iOS/Crypto.framework; sourceTree = "<group>"; };
		FD3CF0E320D94746003BF201 /* TApiHelper.swift */ = {isa = PBXFileReference; lastKnownFileType = sourcecode.swift; path = TApiHelper.swift; sourceTree = "<group>"; };
		FD9737451E7FBB010058FBA5 /* OptionsVC.swift */ = {isa = PBXFileReference; fileEncoding = 4; lastKnownFileType = sourcecode.swift; path = OptionsVC.swift; sourceTree = "<group>"; };
		FDB11F4320DCEC3700C90054 /* RSSelectionMenu.framework */ = {isa = PBXFileReference; lastKnownFileType = wrapper.framework; name = RSSelectionMenu.framework; path = Carthage/Build/iOS/RSSelectionMenu.framework; sourceTree = "<group>"; };
		FDBF579A20DCFEF400384592 /* Device.framework */ = {isa = PBXFileReference; lastKnownFileType = wrapper.framework; name = Device.framework; path = Carthage/Build/iOS/Device.framework; sourceTree = "<group>"; };
		FDC2580E2059881E00498883 /* SGAdapter.swift */ = {isa = PBXFileReference; fileEncoding = 4; lastKnownFileType = sourcecode.swift; path = SGAdapter.swift; sourceTree = "<group>"; };
		FDC2580F2059881E00498883 /* SGModel.swift */ = {isa = PBXFileReference; fileEncoding = 4; lastKnownFileType = sourcecode.swift; path = SGModel.swift; sourceTree = "<group>"; };
		FDC258102059881E00498883 /* TypeName.swift */ = {isa = PBXFileReference; fileEncoding = 4; lastKnownFileType = sourcecode.swift; path = TypeName.swift; sourceTree = "<group>"; };
		FDC258172059886500498883 /* YLColor.swift */ = {isa = PBXFileReference; fileEncoding = 4; lastKnownFileType = sourcecode.swift; path = YLColor.swift; sourceTree = "<group>"; };
		FDF1DB581E7A795B006FF017 /* BTCE Widget.app */ = {isa = PBXFileReference; explicitFileType = wrapper.application; includeInIndex = 0; path = "BTCE Widget.app"; sourceTree = BUILT_PRODUCTS_DIR; };
		FDF1DB5B1E7A795B006FF017 /* AppDelegate.swift */ = {isa = PBXFileReference; lastKnownFileType = sourcecode.swift; path = AppDelegate.swift; sourceTree = "<group>"; };
		FDF1DB5D1E7A795B006FF017 /* PriceViewController.swift */ = {isa = PBXFileReference; lastKnownFileType = sourcecode.swift; path = PriceViewController.swift; sourceTree = "<group>"; };
		FDF1DB601E7A795B006FF017 /* Base */ = {isa = PBXFileReference; lastKnownFileType = file.storyboard; name = Base; path = Base.lproj/Main.storyboard; sourceTree = "<group>"; };
		FDF1DB621E7A795B006FF017 /* Assets.xcassets */ = {isa = PBXFileReference; lastKnownFileType = folder.assetcatalog; path = Assets.xcassets; sourceTree = "<group>"; };
		FDF1DB651E7A795B006FF017 /* Base */ = {isa = PBXFileReference; lastKnownFileType = file.storyboard; name = Base; path = Base.lproj/LaunchScreen.storyboard; sourceTree = "<group>"; };
		FDF1DB671E7A795B006FF017 /* Info.plist */ = {isa = PBXFileReference; lastKnownFileType = text.plist.xml; path = Info.plist; sourceTree = "<group>"; };
		FDF1DB6E1E7A79A2006FF017 /* Currency.swift */ = {isa = PBXFileReference; fileEncoding = 4; lastKnownFileType = sourcecode.swift; path = Currency.swift; sourceTree = "<group>"; };
		FDF1DB731E7A79EF006FF017 /* String+Extensions.swift */ = {isa = PBXFileReference; fileEncoding = 4; lastKnownFileType = sourcecode.swift; path = "String+Extensions.swift"; sourceTree = "<group>"; };
		FDF4543F1E7ADBB30020D551 /* Pair.swift */ = {isa = PBXFileReference; fileEncoding = 4; lastKnownFileType = sourcecode.swift; path = Pair.swift; sourceTree = "<group>"; };
		FDF454421E7ADED70020D551 /* Alamofire.framework */ = {isa = PBXFileReference; lastKnownFileType = wrapper.framework; name = Alamofire.framework; path = Carthage/Build/iOS/Alamofire.framework; sourceTree = "<group>"; };
		FDF4544F1E7ADF480020D551 /* ApiHelper.swift */ = {isa = PBXFileReference; fileEncoding = 4; lastKnownFileType = sourcecode.swift; path = ApiHelper.swift; sourceTree = "<group>"; };
		FDF454511E7AE3C50020D551 /* TickerResponse.swift */ = {isa = PBXFileReference; fileEncoding = 4; lastKnownFileType = sourcecode.swift; path = TickerResponse.swift; sourceTree = "<group>"; };
/* End PBXFileReference section */

/* Begin PBXFrameworksBuildPhase section */
		FD01C5A81E7BC9BB00B1DDCD /* Frameworks */ = {
			isa = PBXFrameworksBuildPhase;
			buildActionMask = 2147483647;
			files = (
				FD01C5AD1E7BC9BB00B1DDCD /* NotificationCenter.framework in Frameworks */,
				FD01C5BD1E7BCA2600B1DDCD /* Alamofire.framework in Frameworks */,
				FD15C974205A359E00EAAC86 /* CodableAlamofire.framework in Frameworks */,
			);
			runOnlyForDeploymentPostprocessing = 0;
		};
		FDF1DB551E7A795B006FF017 /* Frameworks */ = {
			isa = PBXFrameworksBuildPhase;
			buildActionMask = 2147483647;
			files = (
				FD3CF0BF20D8E4D6003BF201 /* WebKit.framework in Frameworks */,
				FD15C976205A35BD00EAAC86 /* CodableAlamofire.framework in Frameworks */,
				FDF454481E7ADEDD0020D551 /* Alamofire.framework in Frameworks */,
				FDBF579B20DCFEF400384592 /* Device.framework in Frameworks */,
				FD3CF0E020D942C9003BF201 /* Crypto.framework in Frameworks */,
				FD3CF0DC20D942AC003BF201 /* CommonCrypto.framework in Frameworks */,
				FDB11F4420DCEC3700C90054 /* RSSelectionMenu.framework in Frameworks */,
				FD24DD0520DA3318000AE6DD /* SwiftyAttributes.framework in Frameworks */,
				FD3CF0B320D8CF86003BF201 /* SwiftEventBus.framework in Frameworks */,
			);
			runOnlyForDeploymentPostprocessing = 0;
		};
/* End PBXFrameworksBuildPhase section */

/* Begin PBXGroup section */
		FD01C5A01E7B916100B1DDCD /* views */ = {
			isa = PBXGroup;
			children = (
				FD01C5A11E7B917C00B1DDCD /* PairCell.swift */,
				FD01C5A31E7B918B00B1DDCD /* PairCell.xib */,
				FD3CF0CF20D90383003BF201 /* CLLoadingCell.swift */,
				FD3CF0D120D90426003BF201 /* CLLoadingCell.xib */,
			);
			name = views;
			sourceTree = "<group>";
		};
		FD01C5AE1E7BC9BB00B1DDCD /* BTCE Price Widget */ = {
			isa = PBXGroup;
			children = (
				FD01C2FD1E7FE9E80011561D /* BTCE Price Widget.entitlements */,
				FD01C5AF1E7BC9BB00B1DDCD /* TodayViewController.swift */,
				FD01C5B11E7BC9BB00B1DDCD /* MainInterface.storyboard */,
				FD01C5B41E7BC9BB00B1DDCD /* Info.plist */,
			);
			path = "BTCE Price Widget";
			sourceTree = "<group>";
		};
		FD14A216205AB1C000C992D6 /* Settings */ = {
			isa = PBXGroup;
			children = (
				FD9737451E7FBB010058FBA5 /* OptionsVC.swift */,
			);
			path = Settings;
			sourceTree = "<group>";
		};
		FD14A217205AB1DE00C992D6 /* ChooseTradePair */ = {
			isa = PBXGroup;
			children = (
				FD01C5A51E7BAAE500B1DDCD /* ChooseTradePairVC.swift */,
			);
			path = ChooseTradePair;
			sourceTree = "<group>";
		};
		FD14A218205AB2A500C992D6 /* Details */ = {
			isa = PBXGroup;
			children = (
				FD14A21B205AB31C00C992D6 /* DetailVC.swift */,
				FD14A21D205AB32800C992D6 /* DetailVC.storyboard */,
			);
			path = Details;
			sourceTree = "<group>";
		};
		FD15C964205A250100EAAC86 /* ViewController */ = {
			isa = PBXGroup;
			children = (
				FD26A29520DBF122003357FD /* TradeHistory */,
				FD26A28B20DB9A68003357FD /* ActiveOrders */,
				FD3CF0C020D8F439003BF201 /* Account */,
				FDF1DB5F1E7A795B006FF017 /* Main.storyboard */,
				FD14A218205AB2A500C992D6 /* Details */,
				FD15C965205A25ED00EAAC86 /* Home */,
				FD14A216205AB1C000C992D6 /* Settings */,
				FD14A217205AB1DE00C992D6 /* ChooseTradePair */,
			);
			path = ViewController;
			sourceTree = "<group>";
		};
		FD15C965205A25ED00EAAC86 /* Home */ = {
			isa = PBXGroup;
			children = (
				FDF1DB5D1E7A795B006FF017 /* PriceViewController.swift */,
				FD15C967205A291200EAAC86 /* PairListAdapter.swift */,
			);
			path = Home;
			sourceTree = "<group>";
		};
		FD24DD0720DA4E0C000AE6DD /* CLViewAdapter */ = {
			isa = PBXGroup;
			children = (
				FD24DD0820DA4E20000AE6DD /* CLModel.swift */,
				FD24DD0A20DA4E3B000AE6DD /* CLAdapter.swift */,
			);
			path = CLViewAdapter;
			sourceTree = "<group>";
		};
		FD26A28B20DB9A68003357FD /* ActiveOrders */ = {
			isa = PBXGroup;
			children = (
				FD26A29020DBA002003357FD /* views */,
				FD26A29320DBEB96003357FD /* AOAdapter.swift */,
				FD26A28C20DB9A78003357FD /* ActiveOrdersVC.swift */,
				FD26A28E20DB9AA6003357FD /* ActiveOrdersVC.storyboard */,
			);
			path = ActiveOrders;
			sourceTree = "<group>";
		};
		FD26A29020DBA002003357FD /* views */ = {
			isa = PBXGroup;
			children = (
				FD24DD0020DA2B19000AE6DD /* TextCell.swift */,
				FD24DD0220DA2B39000AE6DD /* TextCell.xib */,
			);
			path = views;
			sourceTree = "<group>";
		};
		FD26A29520DBF122003357FD /* TradeHistory */ = {
			isa = PBXGroup;
			children = (
				FD26A29C20DBF398003357FD /* views */,
				FD26A29620DBF18D003357FD /* TradeHistoryVC.swift */,
				FD26A29A20DBF1B8003357FD /* TradeHistoryVC.storyboard */,
				FD26A29F20DBF9B0003357FD /* THAdapter.swift */,
			);
			path = TradeHistory;
			sourceTree = "<group>";
		};
		FD26A29C20DBF398003357FD /* views */ = {
			isa = PBXGroup;
			children = (
				FD26A2A120DBFB44003357FD /* THView.swift */,
				FD26A2A320DBFB7F003357FD /* THView.xib */,
			);
			path = views;
			sourceTree = "<group>";
		};
		FD3CF0C020D8F439003BF201 /* Account */ = {
			isa = PBXGroup;
			children = (
				FD3CF0CC20D8FE71003BF201 /* data */,
				FD3CF0C720D8F5BD003BF201 /* views */,
				FD3CF0C120D8F50F003BF201 /* AccountViewController.swift */,
				FD3CF0C420D8F56D003BF201 /* AccountAdapter.swift */,
			);
			path = Account;
			sourceTree = "<group>";
		};
		FD3CF0C720D8F5BD003BF201 /* views */ = {
			isa = PBXGroup;
			children = (
				FD3CF0C820D8F5D7003BF201 /* NoAPIKeyCell.xib */,
				FD3CF0CA20D8F89B003BF201 /* NoAPIKeyCell.swift */,
				FD24DD0C20DA57AB000AE6DD /* FundCell.swift */,
				FD24DD0E20DA57CA000AE6DD /* FundCell.xib */,
				FD24DD1020DA66FD000AE6DD /* AccountButton.xib */,
				FD24DD1220DA6726000AE6DD /* AccountButton.swift */,
				FD26A28720DB8ECC003357FD /* SpaceCell.swift */,
				FD26A28920DB8EF0003357FD /* SpaceCell.xib */,
			);
			path = views;
			sourceTree = "<group>";
		};
		FD3CF0CC20D8FE71003BF201 /* data */ = {
			isa = PBXGroup;
			children = (
				FD3CF0CD20D8FE88003BF201 /* WexKey.swift */,
			);
			path = data;
			sourceTree = "<group>";
		};
		FD3CF0D620D9352C003BF201 /* tapi */ = {
			isa = PBXGroup;
			children = (
				FD3CF0D720D93542003BF201 /* TInfoResponse.swift */,
				FD26A29120DBA60D003357FD /* ActiveOrdersResponse.swift */,
				FD26A29D20DBF51B003357FD /* TradeHistoryResponse.swift */,
			);
			path = tapi;
			sourceTree = "<group>";
		};
		FD3CF0D920D93870003BF201 /* public */ = {
			isa = PBXGroup;
			children = (
				FDF454511E7AE3C50020D551 /* TickerResponse.swift */,
				FD15C96F205A326800EAAC86 /* PairInfo.swift */,
				FD15C971205A32FA00EAAC86 /* InfoResponse.swift */,
				FD3CF0BB20D8D7D8003BF201 /* OrderBook.swift */,
			);
			path = public;
			sourceTree = "<group>";
		};
		FDB11F4020DCDE2D00C90054 /* Libs */ = {
			isa = PBXGroup;
			children = (
			);
			path = Libs;
			sourceTree = "<group>";
		};
		FDC2580D2059881E00498883 /* SGViewAdapter */ = {
			isa = PBXGroup;
			children = (
				FDC2580E2059881E00498883 /* SGAdapter.swift */,
				FDC2580F2059881E00498883 /* SGModel.swift */,
				FDC258102059881E00498883 /* TypeName.swift */,
			);
			path = SGViewAdapter;
			sourceTree = "<group>";
		};
		FDF1DB4F1E7A795B006FF017 = {
			isa = PBXGroup;
			children = (
				FDBF579A20DCFEF400384592 /* Device.framework */,
				FDB11F4320DCEC3700C90054 /* RSSelectionMenu.framework */,
				FD24DD0420DA3318000AE6DD /* SwiftyAttributes.framework */,
				FD3CF0DF20D942C9003BF201 /* Crypto.framework */,
				FD3CF0DB20D942AB003BF201 /* CommonCrypto.framework */,
				FD3CF0B220D8CF85003BF201 /* SwiftEventBus.framework */,
				FD15C975205A35BD00EAAC86 /* CodableAlamofire.framework */,
				FDF1DB5A1E7A795B006FF017 /* BTCE Widget */,
				FD01C5AE1E7BC9BB00B1DDCD /* BTCE Price Widget */,
				FDF1DB591E7A795B006FF017 /* Products */,
				FDF454411E7ADED60020D551 /* Frameworks */,
			);
			sourceTree = "<group>";
		};
		FDF1DB591E7A795B006FF017 /* Products */ = {
			isa = PBXGroup;
			children = (
				FDF1DB581E7A795B006FF017 /* BTCE Widget.app */,
				FD01C5AB1E7BC9BB00B1DDCD /* BTCE Price Widget.appex */,
			);
			name = Products;
			sourceTree = "<group>";
		};
		FDF1DB5A1E7A795B006FF017 /* BTCE Widget */ = {
			isa = PBXGroup;
			children = (
				FD01C2FC1E7FE9C20011561D /* BTCE Widget.entitlements */,
				FDB11F4020DCDE2D00C90054 /* Libs */,
				FD01C5A01E7B916100B1DDCD /* views */,
				FDF1DB6D1E7A79A2006FF017 /* data */,
				FDF1DB721E7A79EF006FF017 /* utils */,
				FD15C964205A250100EAAC86 /* ViewController */,
				FDF1DB5B1E7A795B006FF017 /* AppDelegate.swift */,
				FDF1DB621E7A795B006FF017 /* Assets.xcassets */,
				FDF1DB641E7A795B006FF017 /* LaunchScreen.storyboard */,
				FDF1DB671E7A795B006FF017 /* Info.plist */,
			);
			path = "BTCE Widget";
			sourceTree = "<group>";
		};
		FDF1DB6D1E7A79A2006FF017 /* data */ = {
			isa = PBXGroup;
			children = (
				FDF4544F1E7ADF480020D551 /* ApiHelper.swift */,
				FD3CF0E320D94746003BF201 /* TApiHelper.swift */,
				FD3CF0D920D93870003BF201 /* public */,
				FD3CF0D620D9352C003BF201 /* tapi */,
				FDF1DB6E1E7A79A2006FF017 /* Currency.swift */,
				FDF4543F1E7ADBB30020D551 /* Pair.swift */,
			);
			path = data;
			sourceTree = "<group>";
		};
		FDF1DB721E7A79EF006FF017 /* utils */ = {
			isa = PBXGroup;
			children = (
				FD14A219205AB2E800C992D6 /* Router.swift */,
				FD24DD0720DA4E0C000AE6DD /* CLViewAdapter */,
				FDC2580D2059881E00498883 /* SGViewAdapter */,
				FDF1DB731E7A79EF006FF017 /* String+Extensions.swift */,
				FDC258172059886500498883 /* YLColor.swift */,
				FD15C969205A295500EAAC86 /* Utils.swift */,
				FD3CF0B520D8D004003BF201 /* Constants.swift */,
			);
			path = utils;
			sourceTree = "<group>";
		};
		FDF454411E7ADED60020D551 /* Frameworks */ = {
			isa = PBXGroup;
			children = (
				FD3CF0BE20D8E4D6003BF201 /* WebKit.framework */,
				FD15C973205A359E00EAAC86 /* CodableAlamofire.framework */,
				FDF454421E7ADED70020D551 /* Alamofire.framework */,
				FD01C5AC1E7BC9BB00B1DDCD /* NotificationCenter.framework */,
			);
			name = Frameworks;
			sourceTree = "<group>";
		};
/* End PBXGroup section */

/* Begin PBXNativeTarget section */
		FD01C5AA1E7BC9BB00B1DDCD /* BTCE Price Widget */ = {
			isa = PBXNativeTarget;
			buildConfigurationList = FD01C5BB1E7BC9BB00B1DDCD /* Build configuration list for PBXNativeTarget "BTCE Price Widget" */;
			buildPhases = (
				FD01C5A71E7BC9BB00B1DDCD /* Sources */,
				FD01C5A81E7BC9BB00B1DDCD /* Frameworks */,
				FD01C5A91E7BC9BB00B1DDCD /* Resources */,
			);
			buildRules = (
			);
			dependencies = (
			);
			name = "BTCE Price Widget";
			productName = "BTCE Price Widget";
			productReference = FD01C5AB1E7BC9BB00B1DDCD /* BTCE Price Widget.appex */;
			productType = "com.apple.product-type.app-extension";
		};
		FDF1DB571E7A795B006FF017 /* BTCE Widget */ = {
			isa = PBXNativeTarget;
			buildConfigurationList = FDF1DB6A1E7A795B006FF017 /* Build configuration list for PBXNativeTarget "BTCE Widget" */;
			buildPhases = (
				FDF1DB541E7A795B006FF017 /* Sources */,
				FDF1DB551E7A795B006FF017 /* Frameworks */,
				FDF1DB561E7A795B006FF017 /* Resources */,
				FDF4544E1E7ADEDD0020D551 /* Embed Frameworks */,
				FD01C5B71E7BC9BB00B1DDCD /* Embed App Extensions */,
				FD349A071E822B3E00584218 /* ShellScript */,
			);
			buildRules = (
			);
			dependencies = (
				FD01C5B61E7BC9BB00B1DDCD /* PBXTargetDependency */,
			);
			name = "BTCE Widget";
			productName = "BTCE Widget";
			productReference = FDF1DB581E7A795B006FF017 /* BTCE Widget.app */;
			productType = "com.apple.product-type.application";
		};
/* End PBXNativeTarget section */

/* Begin PBXProject section */
		FDF1DB501E7A795B006FF017 /* Project object */ = {
			isa = PBXProject;
			attributes = {
				LastSwiftUpdateCheck = 0820;
				LastUpgradeCheck = 0940;
				ORGANIZATIONNAME = "Long Vu";
				TargetAttributes = {
					FD01C5AA1E7BC9BB00B1DDCD = {
						CreatedOnToolsVersion = 8.2.1;
						DevelopmentTeam = LEGCK68J4H;
						ProvisioningStyle = Automatic;
						SystemCapabilities = {
							com.apple.ApplicationGroups.iOS = {
								enabled = 1;
							};
						};
					};
					FDF1DB571E7A795B006FF017 = {
						CreatedOnToolsVersion = 8.2.1;
						DevelopmentTeam = LEGCK68J4H;
						ProvisioningStyle = Automatic;
						SystemCapabilities = {
							com.apple.ApplicationGroups.iOS = {
								enabled = 1;
							};
						};
					};
				};
			};
			buildConfigurationList = FDF1DB531E7A795B006FF017 /* Build configuration list for PBXProject "BTCE Widget" */;
			compatibilityVersion = "Xcode 3.2";
			developmentRegion = English;
			hasScannedForEncodings = 0;
			knownRegions = (
				en,
				Base,
			);
			mainGroup = FDF1DB4F1E7A795B006FF017;
			productRefGroup = FDF1DB591E7A795B006FF017 /* Products */;
			projectDirPath = "";
			projectRoot = "";
			targets = (
				FDF1DB571E7A795B006FF017 /* BTCE Widget */,
				FD01C5AA1E7BC9BB00B1DDCD /* BTCE Price Widget */,
			);
		};
/* End PBXProject section */

/* Begin PBXResourcesBuildPhase section */
		FD01C5A91E7BC9BB00B1DDCD /* Resources */ = {
			isa = PBXResourcesBuildPhase;
			buildActionMask = 2147483647;
			files = (
				FD01C5B31E7BC9BB00B1DDCD /* MainInterface.storyboard in Resources */,
				FD15C96E205A2D1B00EAAC86 /* PairCell.xib in Resources */,
			);
			runOnlyForDeploymentPostprocessing = 0;
		};
		FDF1DB561E7A795B006FF017 /* Resources */ = {
			isa = PBXResourcesBuildPhase;
			buildActionMask = 2147483647;
			files = (
				FD3CF0D220D90426003BF201 /* CLLoadingCell.xib in Resources */,
				FD26A29B20DBF1B8003357FD /* TradeHistoryVC.storyboard in Resources */,
				FD14A21E205AB32800C992D6 /* DetailVC.storyboard in Resources */,
				FD24DD0F20DA57CA000AE6DD /* FundCell.xib in Resources */,
				FD24DD0320DA2B39000AE6DD /* TextCell.xib in Resources */,
				FD26A28F20DB9AA6003357FD /* ActiveOrdersVC.storyboard in Resources */,
				FD26A2A420DBFB7F003357FD /* THView.xib in Resources */,
				FDF1DB661E7A795B006FF017 /* LaunchScreen.storyboard in Resources */,
				FD24DD1120DA66FD000AE6DD /* AccountButton.xib in Resources */,
				FD01C5A41E7B918B00B1DDCD /* PairCell.xib in Resources */,
				FDF1DB631E7A795B006FF017 /* Assets.xcassets in Resources */,
				FD26A28A20DB8EF0003357FD /* SpaceCell.xib in Resources */,
				FDF1DB611E7A795B006FF017 /* Main.storyboard in Resources */,
				FD3CF0C920D8F5D7003BF201 /* NoAPIKeyCell.xib in Resources */,
			);
			runOnlyForDeploymentPostprocessing = 0;
		};
/* End PBXResourcesBuildPhase section */

/* Begin PBXShellScriptBuildPhase section */
		FD349A071E822B3E00584218 /* ShellScript */ = {
			isa = PBXShellScriptBuildPhase;
			buildActionMask = 2147483647;
			files = (
			);
			inputPaths = (
				"$(SRCROOT)/Carthage/Build/iOS/Alamofire.framework",
				"$(SRCROOT)/Carthage/Build/iOS/CodableAlamofire.framework",
				"$(SRCROOT)/Carthage/Build/iOS/SwiftEventBus.framework",
				"$(SRCROOT)/Carthage/Build/iOS/Device.framework",
				"$(SRCROOT)/Carthage/Build/iOS/RSSelectionMenu.framework",
				"$(SRCROOT)/Carthage/Build/iOS/SwiftyAttributes.framework",
			);
			outputPaths = (
			);
			runOnlyForDeploymentPostprocessing = 0;
			shellPath = /bin/sh;
			shellScript = "/usr/local/bin/carthage copy-frameworks";
		};
/* End PBXShellScriptBuildPhase section */

/* Begin PBXSourcesBuildPhase section */
		FD01C5A71E7BC9BB00B1DDCD /* Sources */ = {
			isa = PBXSourcesBuildPhase;
			buildActionMask = 2147483647;
			files = (
				FD3CF0E220D94704003BF201 /* WexKey.swift in Sources */,
				FD01C5BF1E7BCC5A00B1DDCD /* ApiHelper.swift in Sources */,
				FD01C5C01E7BCC5A00B1DDCD /* String+Extensions.swift in Sources */,
				FDC258162059882F00498883 /* TypeName.swift in Sources */,
				FD15C966205A280F00EAAC86 /* YLColor.swift in Sources */,
				FDC258152059882700498883 /* SGModel.swift in Sources */,
				FD15C96D205A2D1800EAAC86 /* PairCell.swift in Sources */,
				FD15C978205A551300EAAC86 /* InfoResponse.swift in Sources */,
				FD3CF0B720D8D004003BF201 /* Constants.swift in Sources */,
				FD15C979205A552200EAAC86 /* PairInfo.swift in Sources */,
				FD3CF0DA20D939D9003BF201 /* TInfoResponse.swift in Sources */,
				FD15C96C205A2CD700EAAC86 /* PairListAdapter.swift in Sources */,
				FD01C5C11E7BCC5A00B1DDCD /* Currency.swift in Sources */,
				FD01C5C21E7BCC5A00B1DDCD /* Pair.swift in Sources */,
				FD3CF0BD20D8D7D8003BF201 /* OrderBook.swift in Sources */,
				FDC258142059882400498883 /* SGAdapter.swift in Sources */,
				FD01C5C31E7BCC5A00B1DDCD /* TickerResponse.swift in Sources */,
				FD01C5B01E7BC9BB00B1DDCD /* TodayViewController.swift in Sources */,
				FD15C96B205A296500EAAC86 /* Utils.swift in Sources */,
			);
			runOnlyForDeploymentPostprocessing = 0;
		};
		FDF1DB541E7A795B006FF017 /* Sources */ = {
			isa = PBXSourcesBuildPhase;
			buildActionMask = 2147483647;
			files = (
				FD26A2A220DBFB44003357FD /* THView.swift in Sources */,
				FD26A2A020DBF9B0003357FD /* THAdapter.swift in Sources */,
				FD26A28820DB8ECC003357FD /* SpaceCell.swift in Sources */,
				FD24DD0920DA4E20000AE6DD /* CLModel.swift in Sources */,
				FDF454501E7ADF480020D551 /* ApiHelper.swift in Sources */,
				FDF1DB741E7A79EF006FF017 /* String+Extensions.swift in Sources */,
				FD15C968205A291200EAAC86 /* PairListAdapter.swift in Sources */,
				FD3CF0C520D8F56D003BF201 /* AccountAdapter.swift in Sources */,
				FD26A29E20DBF51B003357FD /* TradeHistoryResponse.swift in Sources */,
				FD01C5A61E7BAAE500B1DDCD /* ChooseTradePairVC.swift in Sources */,
				FDF454521E7AE3C50020D551 /* TickerResponse.swift in Sources */,
				FD14A21C205AB31C00C992D6 /* DetailVC.swift in Sources */,
				FD26A29220DBA60D003357FD /* ActiveOrdersResponse.swift in Sources */,
				FDC258182059886500498883 /* YLColor.swift in Sources */,
				FD24DD1320DA6726000AE6DD /* AccountButton.swift in Sources */,
				FD14A21A205AB2E800C992D6 /* Router.swift in Sources */,
				FDF1DB701E7A79A2006FF017 /* Currency.swift in Sources */,
				FD15C970205A326800EAAC86 /* PairInfo.swift in Sources */,
				FD15C972205A32FA00EAAC86 /* InfoResponse.swift in Sources */,
				FD3CF0BC20D8D7D8003BF201 /* OrderBook.swift in Sources */,
				FD26A29420DBEB96003357FD /* AOAdapter.swift in Sources */,
				FD26A29720DBF18D003357FD /* TradeHistoryVC.swift in Sources */,
				FD3CF0E420D94746003BF201 /* TApiHelper.swift in Sources */,
				FD3CF0B620D8D004003BF201 /* Constants.swift in Sources */,
				FD15C96A205A295500EAAC86 /* Utils.swift in Sources */,
				FD24DD0120DA2B19000AE6DD /* TextCell.swift in Sources */,
				FD3CF0D020D90383003BF201 /* CLLoadingCell.swift in Sources */,
				FD24DD0D20DA57AB000AE6DD /* FundCell.swift in Sources */,
				FD9737461E7FBB010058FBA5 /* OptionsVC.swift in Sources */,
				FDF1DB5E1E7A795B006FF017 /* PriceViewController.swift in Sources */,
				FD3CF0C220D8F50F003BF201 /* AccountViewController.swift in Sources */,
				FD3CF0CE20D8FE88003BF201 /* WexKey.swift in Sources */,
				FD01C5A21E7B917C00B1DDCD /* PairCell.swift in Sources */,
				FDF1DB5C1E7A795B006FF017 /* AppDelegate.swift in Sources */,
				FDC258112059881E00498883 /* SGAdapter.swift in Sources */,
				FD24DD0B20DA4E3C000AE6DD /* CLAdapter.swift in Sources */,
				FDC258132059881E00498883 /* TypeName.swift in Sources */,
				FD26A28D20DB9A78003357FD /* ActiveOrdersVC.swift in Sources */,
				FDF454401E7ADBB30020D551 /* Pair.swift in Sources */,
				FD3CF0D820D93542003BF201 /* TInfoResponse.swift in Sources */,
				FDC258122059881E00498883 /* SGModel.swift in Sources */,
				FD3CF0CB20D8F89B003BF201 /* NoAPIKeyCell.swift in Sources */,
			);
			runOnlyForDeploymentPostprocessing = 0;
		};
/* End PBXSourcesBuildPhase section */

/* Begin PBXTargetDependency section */
		FD01C5B61E7BC9BB00B1DDCD /* PBXTargetDependency */ = {
			isa = PBXTargetDependency;
			target = FD01C5AA1E7BC9BB00B1DDCD /* BTCE Price Widget */;
			targetProxy = FD01C5B51E7BC9BB00B1DDCD /* PBXContainerItemProxy */;
		};
/* End PBXTargetDependency section */

/* Begin PBXVariantGroup section */
		FD01C5B11E7BC9BB00B1DDCD /* MainInterface.storyboard */ = {
			isa = PBXVariantGroup;
			children = (
				FD01C5B21E7BC9BB00B1DDCD /* Base */,
			);
			name = MainInterface.storyboard;
			sourceTree = "<group>";
		};
		FDF1DB5F1E7A795B006FF017 /* Main.storyboard */ = {
			isa = PBXVariantGroup;
			children = (
				FDF1DB601E7A795B006FF017 /* Base */,
			);
			name = Main.storyboard;
			sourceTree = "<group>";
		};
		FDF1DB641E7A795B006FF017 /* LaunchScreen.storyboard */ = {
			isa = PBXVariantGroup;
			children = (
				FDF1DB651E7A795B006FF017 /* Base */,
			);
			name = LaunchScreen.storyboard;
			sourceTree = "<group>";
		};
/* End PBXVariantGroup section */

/* Begin XCBuildConfiguration section */
		FD01C5B91E7BC9BB00B1DDCD /* Debug */ = {
			isa = XCBuildConfiguration;
			buildSettings = {
				CODE_SIGN_ENTITLEMENTS = "BTCE Price Widget/BTCE Price Widget.entitlements";
				DEVELOPMENT_TEAM = LEGCK68J4H;
				FRAMEWORK_SEARCH_PATHS = (
					"$(inherited)",
					"$(PROJECT_DIR)/Carthage/Build/iOS",
				);
				INFOPLIST_FILE = "BTCE Price Widget/Info.plist";
				IPHONEOS_DEPLOYMENT_TARGET = 9.0;
				LD_RUNPATH_SEARCH_PATHS = "$(inherited) @executable_path/Frameworks @executable_path/../../Frameworks";
				PRODUCT_BUNDLE_IDENTIFIER = "com.sun.btce.BTCE-Price-Widget";
				PRODUCT_NAME = "$(TARGET_NAME)";
				SKIP_INSTALL = YES;
				SWIFT_VERSION = 4.0;
			};
			name = Debug;
		};
		FD01C5BA1E7BC9BB00B1DDCD /* Release */ = {
			isa = XCBuildConfiguration;
			buildSettings = {
				CODE_SIGN_ENTITLEMENTS = "BTCE Price Widget/BTCE Price Widget.entitlements";
				DEVELOPMENT_TEAM = LEGCK68J4H;
				FRAMEWORK_SEARCH_PATHS = (
					"$(inherited)",
					"$(PROJECT_DIR)/Carthage/Build/iOS",
				);
				INFOPLIST_FILE = "BTCE Price Widget/Info.plist";
				IPHONEOS_DEPLOYMENT_TARGET = 9.0;
				LD_RUNPATH_SEARCH_PATHS = "$(inherited) @executable_path/Frameworks @executable_path/../../Frameworks";
				PRODUCT_BUNDLE_IDENTIFIER = "com.sun.btce.BTCE-Price-Widget";
				PRODUCT_NAME = "$(TARGET_NAME)";
				SKIP_INSTALL = YES;
				SWIFT_VERSION = 4.0;
			};
			name = Release;
		};
		FDF1DB681E7A795B006FF017 /* Debug */ = {
			isa = XCBuildConfiguration;
			buildSettings = {
				ALWAYS_SEARCH_USER_PATHS = NO;
				CLANG_ANALYZER_NONNULL = YES;
				CLANG_CXX_LANGUAGE_STANDARD = "gnu++0x";
				CLANG_CXX_LIBRARY = "libc++";
				CLANG_ENABLE_MODULES = YES;
				CLANG_ENABLE_OBJC_ARC = YES;
				CLANG_WARN_BLOCK_CAPTURE_AUTORELEASING = YES;
				CLANG_WARN_BOOL_CONVERSION = YES;
				CLANG_WARN_COMMA = YES;
				CLANG_WARN_CONSTANT_CONVERSION = YES;
				CLANG_WARN_DEPRECATED_OBJC_IMPLEMENTATIONS = YES;
				CLANG_WARN_DIRECT_OBJC_ISA_USAGE = YES_ERROR;
				CLANG_WARN_DOCUMENTATION_COMMENTS = YES;
				CLANG_WARN_EMPTY_BODY = YES;
				CLANG_WARN_ENUM_CONVERSION = YES;
				CLANG_WARN_INFINITE_RECURSION = YES;
				CLANG_WARN_INT_CONVERSION = YES;
				CLANG_WARN_NON_LITERAL_NULL_CONVERSION = YES;
				CLANG_WARN_OBJC_IMPLICIT_RETAIN_SELF = YES;
				CLANG_WARN_OBJC_LITERAL_CONVERSION = YES;
				CLANG_WARN_OBJC_ROOT_CLASS = YES_ERROR;
				CLANG_WARN_RANGE_LOOP_ANALYSIS = YES;
				CLANG_WARN_STRICT_PROTOTYPES = YES;
				CLANG_WARN_SUSPICIOUS_MOVE = YES;
				CLANG_WARN_UNREACHABLE_CODE = YES;
				CLANG_WARN__DUPLICATE_METHOD_MATCH = YES;
				"CODE_SIGN_IDENTITY[sdk=iphoneos*]" = "iPhone Developer";
				COPY_PHASE_STRIP = NO;
				DEBUG_INFORMATION_FORMAT = dwarf;
				ENABLE_STRICT_OBJC_MSGSEND = YES;
				ENABLE_TESTABILITY = YES;
				GCC_C_LANGUAGE_STANDARD = gnu99;
				GCC_DYNAMIC_NO_PIC = NO;
				GCC_NO_COMMON_BLOCKS = YES;
				GCC_OPTIMIZATION_LEVEL = 0;
				GCC_PREPROCESSOR_DEFINITIONS = (
					"DEBUG=1",
					"$(inherited)",
				);
				GCC_WARN_64_TO_32_BIT_CONVERSION = YES;
				GCC_WARN_ABOUT_RETURN_TYPE = YES_ERROR;
				GCC_WARN_UNDECLARED_SELECTOR = YES;
				GCC_WARN_UNINITIALIZED_AUTOS = YES_AGGRESSIVE;
				GCC_WARN_UNUSED_FUNCTION = YES;
				GCC_WARN_UNUSED_VARIABLE = YES;
				IPHONEOS_DEPLOYMENT_TARGET = 9.0;
				MTL_ENABLE_DEBUG_INFO = YES;
				ONLY_ACTIVE_ARCH = YES;
				SDKROOT = iphoneos;
				SWIFT_ACTIVE_COMPILATION_CONDITIONS = DEBUG;
				SWIFT_OPTIMIZATION_LEVEL = "-Onone";
				SWIFT_VERSION = 4.0;
				TARGETED_DEVICE_FAMILY = "1,2";
			};
			name = Debug;
		};
		FDF1DB691E7A795B006FF017 /* Release */ = {
			isa = XCBuildConfiguration;
			buildSettings = {
				ALWAYS_SEARCH_USER_PATHS = NO;
				CLANG_ANALYZER_NONNULL = YES;
				CLANG_CXX_LANGUAGE_STANDARD = "gnu++0x";
				CLANG_CXX_LIBRARY = "libc++";
				CLANG_ENABLE_MODULES = YES;
				CLANG_ENABLE_OBJC_ARC = YES;
				CLANG_WARN_BLOCK_CAPTURE_AUTORELEASING = YES;
				CLANG_WARN_BOOL_CONVERSION = YES;
				CLANG_WARN_COMMA = YES;
				CLANG_WARN_CONSTANT_CONVERSION = YES;
				CLANG_WARN_DEPRECATED_OBJC_IMPLEMENTATIONS = YES;
				CLANG_WARN_DIRECT_OBJC_ISA_USAGE = YES_ERROR;
				CLANG_WARN_DOCUMENTATION_COMMENTS = YES;
				CLANG_WARN_EMPTY_BODY = YES;
				CLANG_WARN_ENUM_CONVERSION = YES;
				CLANG_WARN_INFINITE_RECURSION = YES;
				CLANG_WARN_INT_CONVERSION = YES;
				CLANG_WARN_NON_LITERAL_NULL_CONVERSION = YES;
				CLANG_WARN_OBJC_IMPLICIT_RETAIN_SELF = YES;
				CLANG_WARN_OBJC_LITERAL_CONVERSION = YES;
				CLANG_WARN_OBJC_ROOT_CLASS = YES_ERROR;
				CLANG_WARN_RANGE_LOOP_ANALYSIS = YES;
				CLANG_WARN_STRICT_PROTOTYPES = YES;
				CLANG_WARN_SUSPICIOUS_MOVE = YES;
				CLANG_WARN_UNREACHABLE_CODE = YES;
				CLANG_WARN__DUPLICATE_METHOD_MATCH = YES;
				"CODE_SIGN_IDENTITY[sdk=iphoneos*]" = "iPhone Developer";
				COPY_PHASE_STRIP = NO;
				DEBUG_INFORMATION_FORMAT = "dwarf-with-dsym";
				ENABLE_NS_ASSERTIONS = NO;
				ENABLE_STRICT_OBJC_MSGSEND = YES;
				GCC_C_LANGUAGE_STANDARD = gnu99;
				GCC_NO_COMMON_BLOCKS = YES;
				GCC_WARN_64_TO_32_BIT_CONVERSION = YES;
				GCC_WARN_ABOUT_RETURN_TYPE = YES_ERROR;
				GCC_WARN_UNDECLARED_SELECTOR = YES;
				GCC_WARN_UNINITIALIZED_AUTOS = YES_AGGRESSIVE;
				GCC_WARN_UNUSED_FUNCTION = YES;
				GCC_WARN_UNUSED_VARIABLE = YES;
				IPHONEOS_DEPLOYMENT_TARGET = 9.0;
				MTL_ENABLE_DEBUG_INFO = NO;
				SDKROOT = iphoneos;
				SWIFT_OPTIMIZATION_LEVEL = "-Owholemodule";
				SWIFT_VERSION = 4.0;
				TARGETED_DEVICE_FAMILY = "1,2";
				VALIDATE_PRODUCT = YES;
			};
			name = Release;
		};
		FDF1DB6B1E7A795B006FF017 /* Debug */ = {
			isa = XCBuildConfiguration;
			buildSettings = {
				ALWAYS_EMBED_SWIFT_STANDARD_LIBRARIES = YES;
				ASSETCATALOG_COMPILER_APPICON_NAME = AppIcon;
				CODE_SIGN_ENTITLEMENTS = "BTCE Widget/BTCE Widget.entitlements";
				DEVELOPMENT_TEAM = LEGCK68J4H;
				FRAMEWORK_SEARCH_PATHS = (
					"$(inherited)",
					"$(PROJECT_DIR)/Carthage/Build/iOS",
				);
				INFOPLIST_FILE = "BTCE Widget/Info.plist";
				IPHONEOS_DEPLOYMENT_TARGET = 9.0;
				LD_RUNPATH_SEARCH_PATHS = "$(inherited) @executable_path/Frameworks";
				PRODUCT_BUNDLE_IDENTIFIER = com.sun.btce;
				PRODUCT_NAME = "$(TARGET_NAME)";
				SWIFT_VERSION = 4.0;
			};
			name = Debug;
		};
		FDF1DB6C1E7A795B006FF017 /* Release */ = {
			isa = XCBuildConfiguration;
			buildSettings = {
				ALWAYS_EMBED_SWIFT_STANDARD_LIBRARIES = YES;
				ASSETCATALOG_COMPILER_APPICON_NAME = AppIcon;
				CODE_SIGN_ENTITLEMENTS = "BTCE Widget/BTCE Widget.entitlements";
				DEVELOPMENT_TEAM = LEGCK68J4H;
				FRAMEWORK_SEARCH_PATHS = (
					"$(inherited)",
					"$(PROJECT_DIR)/Carthage/Build/iOS",
				);
				INFOPLIST_FILE = "BTCE Widget/Info.plist";
				IPHONEOS_DEPLOYMENT_TARGET = 9.0;
				LD_RUNPATH_SEARCH_PATHS = "$(inherited) @executable_path/Frameworks";
				PRODUCT_BUNDLE_IDENTIFIER = com.sun.btce;
				PRODUCT_NAME = "$(TARGET_NAME)";
				SWIFT_VERSION = 4.0;
			};
			name = Release;
		};
/* End XCBuildConfiguration section */

/* Begin XCConfigurationList section */
		FD01C5BB1E7BC9BB00B1DDCD /* Build configuration list for PBXNativeTarget "BTCE Price Widget" */ = {
			isa = XCConfigurationList;
			buildConfigurations = (
				FD01C5B91E7BC9BB00B1DDCD /* Debug */,
				FD01C5BA1E7BC9BB00B1DDCD /* Release */,
			);
			defaultConfigurationIsVisible = 0;
			defaultConfigurationName = Release;
		};
		FDF1DB531E7A795B006FF017 /* Build configuration list for PBXProject "BTCE Widget" */ = {
			isa = XCConfigurationList;
			buildConfigurations = (
				FDF1DB681E7A795B006FF017 /* Debug */,
				FDF1DB691E7A795B006FF017 /* Release */,
			);
			defaultConfigurationIsVisible = 0;
			defaultConfigurationName = Release;
		};
		FDF1DB6A1E7A795B006FF017 /* Build configuration list for PBXNativeTarget "BTCE Widget" */ = {
			isa = XCConfigurationList;
			buildConfigurations = (
				FDF1DB6B1E7A795B006FF017 /* Debug */,
				FDF1DB6C1E7A795B006FF017 /* Release */,
			);
			defaultConfigurationIsVisible = 0;
			defaultConfigurationName = Release;
		};
/* End XCConfigurationList section */
	};
	rootObject = FDF1DB501E7A795B006FF017 /* Project object */;
}
